
Microsoft Visual Studio Solution File, Format Version 12.00
# Visual Studio Version 17
VisualStudioVersion = 17.7.34024.191
MinimumVisualStudioVersion = 10.0.40219.1
Project("{FAE04EC0-301F-11D3-BF4B-00C04F79EFBC}") = "AgencyVilla", "AgencyVilla.csproj", "{36A23948-B974-41CA-912D-19050E67DEE3}"
EndProject
Project("{FAE04EC0-301F-11D3-BF4B-00C04F79EFBC}") = "AgencyVilla.Entity", "..\AgencyVilla.Entity\AgencyVilla.Entity.csproj", "{720296C9-BAC8-4801-AE24-B67E344B08B7}"
EndProject
Project("{FAE04EC0-301F-11D3-BF4B-00C04F79EFBC}") = "AgencyVilla.DataAccess", "..\AgencyVilla.DataAccess\AgencyVilla.DataAccess.csproj", "{9AC78EBB-65DF-4D2E-8018-5394FF7DC323}"
EndProject
Project("{FAE04EC0-301F-11D3-BF4B-00C04F79EFBC}") = "AgencyVilla.Business", "..\AgencyVilla.Business\AgencyVilla.Business.csproj", "{957862BD-3FAE-42F4-8C60-4395B12CD69F}"
EndProject
Project("{FAE04EC0-301F-11D3-BF4B-00C04F79EFBC}") = "AgencyVilla.Dto", "..\AgencyVilla.Dto\AgencyVilla.Dto.csproj", "{AE640868-6BA8-4729-8CCD-87FD8A49E694}"
EndProject
Global
	GlobalSection(SolutionConfigurationPlatforms) = preSolution
		Debug|Any CPU = Debug|Any CPU
		Release|Any CPU = Release|Any CPU
	EndGlobalSection
	GlobalSection(ProjectConfigurationPlatforms) = postSolution
		{36A23948-B974-41CA-912D-19050E67DEE3}.Debug|Any CPU.ActiveCfg = Debug|Any CPU
		{36A23948-B974-41CA-912D-19050E67DEE3}.Debug|Any CPU.Build.0 = Debug|Any CPU
		{36A23948-B974-41CA-912D-19050E67DEE3}.Release|Any CPU.ActiveCfg = Release|Any CPU
		{36A23948-B974-41CA-912D-19050E67DEE3}.Release|Any CPU.Build.0 = Release|Any CPU
		{720296C9-BAC8-4801-AE24-B67E344B08B7}.Debug|Any CPU.ActiveCfg = Debug|Any CPU
		{720296C9-BAC8-4801-AE24-B67E344B08B7}.Debug|Any CPU.Build.0 = Debug|Any CPU
		{720296C9-BAC8-4801-AE24-B67E344B08B7}.Release|Any CPU.ActiveCfg = Release|Any CPU
		{720296C9-BAC8-4801-AE24-B67E344B08B7}.Release|Any CPU.Build.0 = Release|Any CPU
		{9AC78EBB-65DF-4D2E-8018-5394FF7DC323}.Debug|Any CPU.ActiveCfg = Debug|Any CPU
		{9AC78EBB-65DF-4D2E-8018-5394FF7DC323}.Debug|Any CPU.Build.0 = Debug|Any CPU
		{9AC78EBB-65DF-4D2E-8018-5394FF7DC323}.Release|Any CPU.ActiveCfg = Release|Any CPU
		{9AC78EBB-65DF-4D2E-8018-5394FF7DC323}.Release|Any CPU.Build.0 = Release|Any CPU
		{957862BD-3FAE-42F4-8C60-4395B12CD69F}.Debug|Any CPU.ActiveCfg = Debug|Any CPU
		{957862BD-3FAE-42F4-8C60-4395B12CD69F}.Debug|Any CPU.Build.0 = Debug|Any CPU
		{957862BD-3FAE-42F4-8C60-4395B12CD69F}.Release|Any CPU.ActiveCfg = Release|Any CPU
		{957862BD-3FAE-42F4-8C60-4395B12CD69F}.Release|Any CPU.Build.0 = Release|Any CPU
		{AE640868-6BA8-4729-8CCD-87FD8A49E694}.Debug|Any CPU.ActiveCfg = Debug|Any CPU
		{AE640868-6BA8-4729-8CCD-87FD8A49E694}.Debug|Any CPU.Build.0 = Debug|Any CPU
		{AE640868-6BA8-4729-8CCD-87FD8A49E694}.Release|Any CPU.ActiveCfg = Release|Any CPU
		{AE640868-6BA8-4729-8CCD-87FD8A49E694}.Release|Any CPU.Build.0 = Release|Any CPU
	EndGlobalSection
	GlobalSection(SolutionProperties) = preSolution
		HideSolutionNode = FALSE
	EndGlobalSection
	GlobalSection(ExtensibilityGlobals) = postSolution
		SolutionGuid = {07D748C3-1F46-451C-AF19-07BD78E0A67C}
	EndGlobalSection
EndGlobal
